
Microsoft Visual Studio Solution File, Format Version 12.00
# Visual Studio 14
VisualStudioVersion = 14.0.24720.0
MinimumVisualStudioVersion = 10.0.40219.1
Project("{2150E333-8FDC-42A3-9474-1A3956D46DE8}") = "Domain", "Domain", "{5083E852-9E3F-46C8-9758-65F11807B472}"
EndProject
Project("{2150E333-8FDC-42A3-9474-1A3956D46DE8}") = "Infra", "Infra", "{ECB76880-66F0-4710-864B-204AA2310DD2}"
EndProject
Project("{2150E333-8FDC-42A3-9474-1A3956D46DE8}") = "1 - Data", "1 - Data", "{1D5AE2F1-218E-4C06-A1E1-C1AE76284C8A}"
EndProject
Project("{2150E333-8FDC-42A3-9474-1A3956D46DE8}") = "2 - CrossCutting", "2 - CrossCutting", "{CC50FB5C-2F1A-4699-A4AD-A8EBFFBC70C4}"
EndProject
Project("{FAE04EC0-301F-11D3-BF4B-00C04F79EFBC}") = "AutoFP.Loja.API", "App\AutoFP.Loja.API\AutoFP.Loja.API.csproj", "{019F345C-E642-4276-863D-5A0DF5A38CDB}"
EndProject
Project("{FAE04EC0-301F-11D3-BF4B-00C04F79EFBC}") = "AutoFP.Gerencia.API", "App\AutoFP.Gerencia.API\AutoFP.Gerencia.API.csproj", "{B4DF5655-FAAC-4712-884A-EA7E97E07334}"
EndProject
Project("{2150E333-8FDC-42A3-9474-1A3956D46DE8}") = "1 - Services", "1 - Services", "{D93DF3D7-BDE9-4762-BE4A-9276163AB84C}"
EndProject
Project("{2150E333-8FDC-42A3-9474-1A3956D46DE8}") = "2 - Núcleo", "2 - Núcleo", "{8D31A931-A8C3-4879-A56E-E941450E9CDD}"
EndProject
Project("{2150E333-8FDC-42A3-9474-1A3956D46DE8}") = "Gerência", "Gerência", "{F631753E-87C8-480F-B413-1223353C8433}"
EndProject
Project("{2150E333-8FDC-42A3-9474-1A3956D46DE8}") = "Loja", "Loja", "{332942CB-1E5D-47E6-9913-1255032D53AB}"
EndProject
Project("{2150E333-8FDC-42A3-9474-1A3956D46DE8}") = "Compartilhado", "Compartilhado", "{B5616E80-DEEB-4207-9032-28A690FD3A16}"
EndProject
Project("{FAE04EC0-301F-11D3-BF4B-00C04F79EFBC}") = "AutoFP.SharedKernel", "App\AutoFP.SharedKernel\AutoFP.SharedKernel.csproj", "{E6DDEB7D-F4EE-44E1-96F2-9400F3288B28}"
EndProject
Project("{FAE04EC0-301F-11D3-BF4B-00C04F79EFBC}") = "AutoFP.Infra.Data", "App\AutoFP.Infra.Data\AutoFP.Infra.Data.csproj", "{E975AA9D-4308-4AAC-BD5E-E68F1D69B470}"
EndProject
Project("{2150E333-8FDC-42A3-9474-1A3956D46DE8}") = "Financeiro", "Financeiro", "{26A395AA-45DC-4A5F-90EA-EC5D23C96718}"
EndProject
Project("{2150E333-8FDC-42A3-9474-1A3956D46DE8}") = "Pedido", "Pedido", "{3DA4F1BC-FBD7-4CB7-B0CE-CC515B67D16C}"
EndProject
Project("{FAE04EC0-301F-11D3-BF4B-00C04F79EFBC}") = "AutoFP.Infra.CrossCutting.Common", "App\AutoFP.Infra.CrossCutting.Common\AutoFP.Infra.CrossCutting.Common.csproj", "{2DE152B5-BBD0-4EB3-85A9-CA4988F06DA7}"
EndProject
Project("{FAE04EC0-301F-11D3-BF4B-00C04F79EFBC}") = "AutoFP.Infra.CrossCutting.Email", "App\AutoFP.Infra.CrossCutting.Email\AutoFP.Infra.CrossCutting.Email.csproj", "{83FE36FB-DCD6-4C0C-B7E6-24A8093B7BAE}"
EndProject
Project("{FAE04EC0-301F-11D3-BF4B-00C04F79EFBC}") = "AutoFP.Infra.CrossCutting.EventLogger", "App\AutoFP.Infra.CrossCutting.EventLogger\AutoFP.Infra.CrossCutting.EventLogger.csproj", "{0F0741C8-513F-4CBE-8586-460D4E098A30}"
EndProject
Project("{FAE04EC0-301F-11D3-BF4B-00C04F79EFBC}") = "AutoFP.Infra.CrossCutting.Security", "App\AutoFP.Infra.CrossCutting.Security\AutoFP.Infra.CrossCutting.Security.csproj", "{DA6A2447-5E64-4EF5-A9B1-6AC1B26A67B4}"
EndProject
Project("{FAE04EC0-301F-11D3-BF4B-00C04F79EFBC}") = "AutoFP.Infra.CrossCutting.Ioc", "App\AutoFP.Infra.CrossCutting.Ioc\AutoFP.Infra.CrossCutting.Ioc.csproj", "{9BA4774B-7F8B-4BBE-8341-99D4D0889C99}"
EndProject
Project("{2150E333-8FDC-42A3-9474-1A3956D46DE8}") = "CRUD", "CRUD", "{0B7E78C3-9C73-423D-B9F6-0C1734025E72}"
EndProject
Project("{FAE04EC0-301F-11D3-BF4B-00C04F79EFBC}") = "AutoFP.Loja.Crud.Domain", "App\AutoFP.Loja.Crud.Domain\AutoFP.Loja.Crud.Domain.csproj", "{B25F336C-30D7-42CF-AB01-67F33C88398C}"
EndProject
Project("{2150E333-8FDC-42A3-9474-1A3956D46DE8}") = "Application", "Application", "{6EACDF89-B34A-444D-8CCF-D8C9B2FBE8E5}"
EndProject
Project("{2150E333-8FDC-42A3-9474-1A3956D46DE8}") = "Domain", "Domain", "{B772692D-C905-44CB-9AF4-D4D6A6E04661}"
EndProject
Project("{2150E333-8FDC-42A3-9474-1A3956D46DE8}") = "Infrastructure", "Infrastructure", "{D71851BC-1922-4892-BA8D-FC1B3D273458}"
EndProject
Project("{FAE04EC0-301F-11D3-BF4B-00C04F79EFBC}") = "AutoFP.Loja.Crud.Infra.Data", "App\AutoFP.Loja.Crud.Infra.Data\AutoFP.Loja.Crud.Infra.Data.csproj", "{334EF689-C9F8-4326-85F0-08A44B96C182}"
EndProject
Project("{FAE04EC0-301F-11D3-BF4B-00C04F79EFBC}") = "AutoFP.Loja.Crud.Application", "App\AutoFP.Loja.Crud.Application\AutoFP.Loja.Crud.Application.csproj", "{E4984D71-D9F8-4958-BD50-BE61E2E6A4FF}"
EndProject
Project("{2150E333-8FDC-42A3-9474-1A3956D46DE8}") = "Pedidos", "Pedidos", "{F2D7B0F5-08B8-4C41-905C-68E1A012A206}"
EndProject
Project("{2150E333-8FDC-42A3-9474-1A3956D46DE8}") = "Atendimento", "Atendimento", "{061EC7AD-8E1F-4CB6-95B4-289FF98CADEE}"
EndProject
Project("{2150E333-8FDC-42A3-9474-1A3956D46DE8}") = "Favoritos", "Favoritos", "{C88F38BC-5B79-4375-9EB4-A284DB4CDE58}"
EndProject
Project("{2150E333-8FDC-42A3-9474-1A3956D46DE8}") = "CRUD", "CRUD", "{1EC9B1ED-1F63-4045-A1FE-9E0688A00426}"
EndProject
Project("{2150E333-8FDC-42A3-9474-1A3956D46DE8}") = "Entrega", "Entrega", "{894966C6-1BA8-479C-8700-7F066F4C581F}"
EndProject
Project("{2150E333-8FDC-42A3-9474-1A3956D46DE8}") = "Application", "Application", "{B3234610-7772-44AD-99FC-9056AE96F8A5}"
EndProject
Project("{2150E333-8FDC-42A3-9474-1A3956D46DE8}") = "Application", "Application", "{721098B1-D649-4D34-AC48-6A67645C8EF1}"
EndProject
Project("{2150E333-8FDC-42A3-9474-1A3956D46DE8}") = "Application", "Application", "{05510DA6-3733-40D8-9F67-9FCEF3476D38}"
EndProject
Project("{2150E333-8FDC-42A3-9474-1A3956D46DE8}") = "Application", "Application", "{2C70F2AE-CF71-4DB6-81FF-00E218374EB1}"
EndProject
Project("{2150E333-8FDC-42A3-9474-1A3956D46DE8}") = "Application", "Application", "{BEB8AC4B-BDB9-4C19-A7FB-A5F4580D4C29}"
EndProject
Project("{2150E333-8FDC-42A3-9474-1A3956D46DE8}") = "Application", "Application", "{D31EE3C5-AD33-4945-89AF-B77DD11EAF2F}"
EndProject
Project("{2150E333-8FDC-42A3-9474-1A3956D46DE8}") = "Application", "Application", "{9007BAD0-6082-4CA6-B6A0-03DDD1604A6A}"
EndProject
Project("{2150E333-8FDC-42A3-9474-1A3956D46DE8}") = "Domain", "Domain", "{A0B4E9D1-141C-4238-861B-D2C0E7CB41ED}"
EndProject
Project("{2150E333-8FDC-42A3-9474-1A3956D46DE8}") = "Domain", "Domain", "{43AB95FB-A2ED-4D46-B786-8709B19FB6AB}"
EndProject
Project("{2150E333-8FDC-42A3-9474-1A3956D46DE8}") = "Domain", "Domain", "{7DD1C53E-DD34-4371-A2B4-152F854DAD92}"
EndProject
Project("{2150E333-8FDC-42A3-9474-1A3956D46DE8}") = "Domain", "Domain", "{3390040F-3351-4661-AD0E-525C5BC91A58}"
EndProject
Project("{2150E333-8FDC-42A3-9474-1A3956D46DE8}") = "Domain", "Domain", "{7CEE8973-3046-44BE-8F9C-6D2B8713E3DE}"
EndProject
Project("{2150E333-8FDC-42A3-9474-1A3956D46DE8}") = "Domain", "Domain", "{851F9B68-3F25-4932-AA66-C63DF3762C68}"
EndProject
Project("{2150E333-8FDC-42A3-9474-1A3956D46DE8}") = "Domain", "Domain", "{1142C30F-9814-4BB4-93DB-9E6FB9E5A492}"
EndProject
Project("{2150E333-8FDC-42A3-9474-1A3956D46DE8}") = "Infrastructure", "Infrastructure", "{EA63B29C-0F3B-496A-8696-4A16973884EE}"
EndProject
Project("{2150E333-8FDC-42A3-9474-1A3956D46DE8}") = "Infrastructure", "Infrastructure", "{1E28AA80-B255-47EC-B4FD-E1DFDFEBB375}"
EndProject
Project("{2150E333-8FDC-42A3-9474-1A3956D46DE8}") = "Infrastructure", "Infrastructure", "{2F09D72B-AEC8-4692-8171-1E7D53CD0A5E}"
EndProject
Project("{2150E333-8FDC-42A3-9474-1A3956D46DE8}") = "Infrastructure", "Infrastructure", "{05104ECE-5AD6-4128-A064-B4BE6C4C0439}"
EndProject
Project("{2150E333-8FDC-42A3-9474-1A3956D46DE8}") = "Infrastructure", "Infrastructure", "{E061B5CF-C7E6-43B6-B56A-D7F43D22FC02}"
EndProject
Project("{2150E333-8FDC-42A3-9474-1A3956D46DE8}") = "Infrastructure", "Infrastructure", "{11128C66-965E-40E9-A295-C76E06505BA2}"
EndProject
Project("{2150E333-8FDC-42A3-9474-1A3956D46DE8}") = "Infrastructure", "Infrastructure", "{B0C227BD-E381-463E-B324-813F03BF5F00}"
EndProject
Global
	GlobalSection(SolutionConfigurationPlatforms) = preSolution
		Debug|Any CPU = Debug|Any CPU
		Release|Any CPU = Release|Any CPU
	EndGlobalSection
	GlobalSection(ProjectConfigurationPlatforms) = postSolution
		{019F345C-E642-4276-863D-5A0DF5A38CDB}.Debug|Any CPU.ActiveCfg = Debug|Any CPU
		{019F345C-E642-4276-863D-5A0DF5A38CDB}.Debug|Any CPU.Build.0 = Debug|Any CPU
		{019F345C-E642-4276-863D-5A0DF5A38CDB}.Release|Any CPU.ActiveCfg = Release|Any CPU
		{019F345C-E642-4276-863D-5A0DF5A38CDB}.Release|Any CPU.Build.0 = Release|Any CPU
		{B4DF5655-FAAC-4712-884A-EA7E97E07334}.Debug|Any CPU.ActiveCfg = Debug|Any CPU
		{B4DF5655-FAAC-4712-884A-EA7E97E07334}.Debug|Any CPU.Build.0 = Debug|Any CPU
		{B4DF5655-FAAC-4712-884A-EA7E97E07334}.Release|Any CPU.ActiveCfg = Release|Any CPU
		{B4DF5655-FAAC-4712-884A-EA7E97E07334}.Release|Any CPU.Build.0 = Release|Any CPU
		{E6DDEB7D-F4EE-44E1-96F2-9400F3288B28}.Debug|Any CPU.ActiveCfg = Debug|Any CPU
		{E6DDEB7D-F4EE-44E1-96F2-9400F3288B28}.Debug|Any CPU.Build.0 = Debug|Any CPU
		{E6DDEB7D-F4EE-44E1-96F2-9400F3288B28}.Release|Any CPU.ActiveCfg = Release|Any CPU
		{E6DDEB7D-F4EE-44E1-96F2-9400F3288B28}.Release|Any CPU.Build.0 = Release|Any CPU
		{E975AA9D-4308-4AAC-BD5E-E68F1D69B470}.Debug|Any CPU.ActiveCfg = Debug|Any CPU
		{E975AA9D-4308-4AAC-BD5E-E68F1D69B470}.Debug|Any CPU.Build.0 = Debug|Any CPU
		{E975AA9D-4308-4AAC-BD5E-E68F1D69B470}.Release|Any CPU.ActiveCfg = Release|Any CPU
		{E975AA9D-4308-4AAC-BD5E-E68F1D69B470}.Release|Any CPU.Build.0 = Release|Any CPU
		{2DE152B5-BBD0-4EB3-85A9-CA4988F06DA7}.Debug|Any CPU.ActiveCfg = Debug|Any CPU
		{2DE152B5-BBD0-4EB3-85A9-CA4988F06DA7}.Debug|Any CPU.Build.0 = Debug|Any CPU
		{2DE152B5-BBD0-4EB3-85A9-CA4988F06DA7}.Release|Any CPU.ActiveCfg = Release|Any CPU
		{2DE152B5-BBD0-4EB3-85A9-CA4988F06DA7}.Release|Any CPU.Build.0 = Release|Any CPU
		{83FE36FB-DCD6-4C0C-B7E6-24A8093B7BAE}.Debug|Any CPU.ActiveCfg = Debug|Any CPU
		{83FE36FB-DCD6-4C0C-B7E6-24A8093B7BAE}.Debug|Any CPU.Build.0 = Debug|Any CPU
		{83FE36FB-DCD6-4C0C-B7E6-24A8093B7BAE}.Release|Any CPU.ActiveCfg = Release|Any CPU
		{83FE36FB-DCD6-4C0C-B7E6-24A8093B7BAE}.Release|Any CPU.Build.0 = Release|Any CPU
		{0F0741C8-513F-4CBE-8586-460D4E098A30}.Debug|Any CPU.ActiveCfg = Debug|Any CPU
		{0F0741C8-513F-4CBE-8586-460D4E098A30}.Debug|Any CPU.Build.0 = Debug|Any CPU
		{0F0741C8-513F-4CBE-8586-460D4E098A30}.Release|Any CPU.ActiveCfg = Release|Any CPU
		{0F0741C8-513F-4CBE-8586-460D4E098A30}.Release|Any CPU.Build.0 = Release|Any CPU
		{DA6A2447-5E64-4EF5-A9B1-6AC1B26A67B4}.Debug|Any CPU.ActiveCfg = Debug|Any CPU
		{DA6A2447-5E64-4EF5-A9B1-6AC1B26A67B4}.Debug|Any CPU.Build.0 = Debug|Any CPU
		{DA6A2447-5E64-4EF5-A9B1-6AC1B26A67B4}.Release|Any CPU.ActiveCfg = Release|Any CPU
		{DA6A2447-5E64-4EF5-A9B1-6AC1B26A67B4}.Release|Any CPU.Build.0 = Release|Any CPU
		{9BA4774B-7F8B-4BBE-8341-99D4D0889C99}.Debug|Any CPU.ActiveCfg = Debug|Any CPU
		{9BA4774B-7F8B-4BBE-8341-99D4D0889C99}.Debug|Any CPU.Build.0 = Debug|Any CPU
		{9BA4774B-7F8B-4BBE-8341-99D4D0889C99}.Release|Any CPU.ActiveCfg = Release|Any CPU
		{9BA4774B-7F8B-4BBE-8341-99D4D0889C99}.Release|Any CPU.Build.0 = Release|Any CPU
		{B25F336C-30D7-42CF-AB01-67F33C88398C}.Debug|Any CPU.ActiveCfg = Debug|Any CPU
		{B25F336C-30D7-42CF-AB01-67F33C88398C}.Debug|Any CPU.Build.0 = Debug|Any CPU
		{B25F336C-30D7-42CF-AB01-67F33C88398C}.Release|Any CPU.ActiveCfg = Release|Any CPU
		{B25F336C-30D7-42CF-AB01-67F33C88398C}.Release|Any CPU.Build.0 = Release|Any CPU
		{334EF689-C9F8-4326-85F0-08A44B96C182}.Debug|Any CPU.ActiveCfg = Debug|Any CPU
		{334EF689-C9F8-4326-85F0-08A44B96C182}.Debug|Any CPU.Build.0 = Debug|Any CPU
		{334EF689-C9F8-4326-85F0-08A44B96C182}.Release|Any CPU.ActiveCfg = Release|Any CPU
		{334EF689-C9F8-4326-85F0-08A44B96C182}.Release|Any CPU.Build.0 = Release|Any CPU
		{E4984D71-D9F8-4958-BD50-BE61E2E6A4FF}.Debug|Any CPU.ActiveCfg = Debug|Any CPU
		{E4984D71-D9F8-4958-BD50-BE61E2E6A4FF}.Debug|Any CPU.Build.0 = Debug|Any CPU
		{E4984D71-D9F8-4958-BD50-BE61E2E6A4FF}.Release|Any CPU.ActiveCfg = Release|Any CPU
		{E4984D71-D9F8-4958-BD50-BE61E2E6A4FF}.Release|Any CPU.Build.0 = Release|Any CPU
	EndGlobalSection
	GlobalSection(SolutionProperties) = preSolution
		HideSolutionNode = FALSE
	EndGlobalSection
	GlobalSection(NestedProjects) = preSolution
		{5083E852-9E3F-46C8-9758-65F11807B472} = {B5616E80-DEEB-4207-9032-28A690FD3A16}
		{ECB76880-66F0-4710-864B-204AA2310DD2} = {B5616E80-DEEB-4207-9032-28A690FD3A16}
		{1D5AE2F1-218E-4C06-A1E1-C1AE76284C8A} = {ECB76880-66F0-4710-864B-204AA2310DD2}
		{CC50FB5C-2F1A-4699-A4AD-A8EBFFBC70C4} = {ECB76880-66F0-4710-864B-204AA2310DD2}
		{019F345C-E642-4276-863D-5A0DF5A38CDB} = {D93DF3D7-BDE9-4762-BE4A-9276163AB84C}
		{B4DF5655-FAAC-4712-884A-EA7E97E07334} = {D93DF3D7-BDE9-4762-BE4A-9276163AB84C}
		{F631753E-87C8-480F-B413-1223353C8433} = {8D31A931-A8C3-4879-A56E-E941450E9CDD}
		{332942CB-1E5D-47E6-9913-1255032D53AB} = {8D31A931-A8C3-4879-A56E-E941450E9CDD}
		{B5616E80-DEEB-4207-9032-28A690FD3A16} = {8D31A931-A8C3-4879-A56E-E941450E9CDD}
		{E6DDEB7D-F4EE-44E1-96F2-9400F3288B28} = {5083E852-9E3F-46C8-9758-65F11807B472}
		{E975AA9D-4308-4AAC-BD5E-E68F1D69B470} = {1D5AE2F1-218E-4C06-A1E1-C1AE76284C8A}
		{26A395AA-45DC-4A5F-90EA-EC5D23C96718} = {F631753E-87C8-480F-B413-1223353C8433}
		{3DA4F1BC-FBD7-4CB7-B0CE-CC515B67D16C} = {F631753E-87C8-480F-B413-1223353C8433}
		{2DE152B5-BBD0-4EB3-85A9-CA4988F06DA7} = {CC50FB5C-2F1A-4699-A4AD-A8EBFFBC70C4}
		{83FE36FB-DCD6-4C0C-B7E6-24A8093B7BAE} = {CC50FB5C-2F1A-4699-A4AD-A8EBFFBC70C4}
		{0F0741C8-513F-4CBE-8586-460D4E098A30} = {CC50FB5C-2F1A-4699-A4AD-A8EBFFBC70C4}
		{DA6A2447-5E64-4EF5-A9B1-6AC1B26A67B4} = {CC50FB5C-2F1A-4699-A4AD-A8EBFFBC70C4}
		{9BA4774B-7F8B-4BBE-8341-99D4D0889C99} = {CC50FB5C-2F1A-4699-A4AD-A8EBFFBC70C4}
		{0B7E78C3-9C73-423D-B9F6-0C1734025E72} = {332942CB-1E5D-47E6-9913-1255032D53AB}
		{B25F336C-30D7-42CF-AB01-67F33C88398C} = {B772692D-C905-44CB-9AF4-D4D6A6E04661}
		{6EACDF89-B34A-444D-8CCF-D8C9B2FBE8E5} = {0B7E78C3-9C73-423D-B9F6-0C1734025E72}
		{B772692D-C905-44CB-9AF4-D4D6A6E04661} = {0B7E78C3-9C73-423D-B9F6-0C1734025E72}
		{D71851BC-1922-4892-BA8D-FC1B3D273458} = {0B7E78C3-9C73-423D-B9F6-0C1734025E72}
		{334EF689-C9F8-4326-85F0-08A44B96C182} = {D71851BC-1922-4892-BA8D-FC1B3D273458}
		{E4984D71-D9F8-4958-BD50-BE61E2E6A4FF} = {6EACDF89-B34A-444D-8CCF-D8C9B2FBE8E5}
		{F2D7B0F5-08B8-4C41-905C-68E1A012A206} = {332942CB-1E5D-47E6-9913-1255032D53AB}
		{061EC7AD-8E1F-4CB6-95B4-289FF98CADEE} = {332942CB-1E5D-47E6-9913-1255032D53AB}
		{C88F38BC-5B79-4375-9EB4-A284DB4CDE58} = {332942CB-1E5D-47E6-9913-1255032D53AB}
		{1EC9B1ED-1F63-4045-A1FE-9E0688A00426} = {F631753E-87C8-480F-B413-1223353C8433}
		{894966C6-1BA8-479C-8700-7F066F4C581F} = {332942CB-1E5D-47E6-9913-1255032D53AB}
		{B3234610-7772-44AD-99FC-9056AE96F8A5} = {894966C6-1BA8-479C-8700-7F066F4C581F}
		{721098B1-D649-4D34-AC48-6A67645C8EF1} = {F2D7B0F5-08B8-4C41-905C-68E1A012A206}
		{05510DA6-3733-40D8-9F67-9FCEF3476D38} = {C88F38BC-5B79-4375-9EB4-A284DB4CDE58}
		{2C70F2AE-CF71-4DB6-81FF-00E218374EB1} = {061EC7AD-8E1F-4CB6-95B4-289FF98CADEE}
		{BEB8AC4B-BDB9-4C19-A7FB-A5F4580D4C29} = {3DA4F1BC-FBD7-4CB7-B0CE-CC515B67D16C}
		{D31EE3C5-AD33-4945-89AF-B77DD11EAF2F} = {26A395AA-45DC-4A5F-90EA-EC5D23C96718}
		{9007BAD0-6082-4CA6-B6A0-03DDD1604A6A} = {1EC9B1ED-1F63-4045-A1FE-9E0688A00426}
		{A0B4E9D1-141C-4238-861B-D2C0E7CB41ED} = {1EC9B1ED-1F63-4045-A1FE-9E0688A00426}
		{43AB95FB-A2ED-4D46-B786-8709B19FB6AB} = {26A395AA-45DC-4A5F-90EA-EC5D23C96718}
		{7DD1C53E-DD34-4371-A2B4-152F854DAD92} = {3DA4F1BC-FBD7-4CB7-B0CE-CC515B67D16C}
		{3390040F-3351-4661-AD0E-525C5BC91A58} = {061EC7AD-8E1F-4CB6-95B4-289FF98CADEE}
		{7CEE8973-3046-44BE-8F9C-6D2B8713E3DE} = {894966C6-1BA8-479C-8700-7F066F4C581F}
		{851F9B68-3F25-4932-AA66-C63DF3762C68} = {C88F38BC-5B79-4375-9EB4-A284DB4CDE58}
		{1142C30F-9814-4BB4-93DB-9E6FB9E5A492} = {F2D7B0F5-08B8-4C41-905C-68E1A012A206}
		{EA63B29C-0F3B-496A-8696-4A16973884EE} = {F2D7B0F5-08B8-4C41-905C-68E1A012A206}
		{1E28AA80-B255-47EC-B4FD-E1DFDFEBB375} = {C88F38BC-5B79-4375-9EB4-A284DB4CDE58}
		{2F09D72B-AEC8-4692-8171-1E7D53CD0A5E} = {894966C6-1BA8-479C-8700-7F066F4C581F}
		{05104ECE-5AD6-4128-A064-B4BE6C4C0439} = {061EC7AD-8E1F-4CB6-95B4-289FF98CADEE}
		{E061B5CF-C7E6-43B6-B56A-D7F43D22FC02} = {3DA4F1BC-FBD7-4CB7-B0CE-CC515B67D16C}
		{11128C66-965E-40E9-A295-C76E06505BA2} = {26A395AA-45DC-4A5F-90EA-EC5D23C96718}
		{B0C227BD-E381-463E-B324-813F03BF5F00} = {1EC9B1ED-1F63-4045-A1FE-9E0688A00426}
	EndGlobalSection
EndGlobal
